// !$*UTF8*$!
{
	archiveVersion = 1;
	classes = {
	};
	objectVersion = 52;
	objects = {

/* Begin PBXBuildFile section */
		484579B825E4CD2A00EFB477 /* IQKeyboardManagerSwift in Frameworks */ = {isa = PBXBuildFile; productRef = 484579B725E4CD2A00EFB477 /* IQKeyboardManagerSwift */; };
		487CEA8D25E538ED00F854A7 /* R.generated.swift in Sources */ = {isa = PBXBuildFile; fileRef = 487CEA8C25E538ED00F854A7 /* R.generated.swift */; };
		48BA4DE12585F78D005E6DC6 /* ResultAddressViewController.swift in Sources */ = {isa = PBXBuildFile; fileRef = 48BA4DDF2585F78D005E6DC6 /* ResultAddressViewController.swift */; };
		48BA4DE22585F78D005E6DC6 /* ResultAddressViewController.xib in Resources */ = {isa = PBXBuildFile; fileRef = 48BA4DE02585F78D005E6DC6 /* ResultAddressViewController.xib */; };
		48BA4DE52585F9B5005E6DC6 /* CustomFloatingPanelLayout.swift in Sources */ = {isa = PBXBuildFile; fileRef = 48BA4DE42585F9B5005E6DC6 /* CustomFloatingPanelLayout.swift */; };
		48ED70AC2580ECB700611C0A /* AppDelegate.swift in Sources */ = {isa = PBXBuildFile; fileRef = 48ED70AB2580ECB700611C0A /* AppDelegate.swift */; };
		48ED70AE2580ECB700611C0A /* SceneDelegate.swift in Sources */ = {isa = PBXBuildFile; fileRef = 48ED70AD2580ECB700611C0A /* SceneDelegate.swift */; };
		48ED70B02580ECB700611C0A /* MapViewController.swift in Sources */ = {isa = PBXBuildFile; fileRef = 48ED70AF2580ECB700611C0A /* MapViewController.swift */; };
		48ED70B32580ECB700611C0A /* Main.storyboard in Resources */ = {isa = PBXBuildFile; fileRef = 48ED70B12580ECB700611C0A /* Main.storyboard */; };
		48ED70B52580ECB700611C0A /* Assets.xcassets in Resources */ = {isa = PBXBuildFile; fileRef = 48ED70B42580ECB700611C0A /* Assets.xcassets */; };
		48ED70B82580ECB700611C0A /* LaunchScreen.storyboard in Resources */ = {isa = PBXBuildFile; fileRef = 48ED70B62580ECB700611C0A /* LaunchScreen.storyboard */; };
		FF340A3F297D90018F96469B /* Pods_AddressConverter.framework in Frameworks */ = {isa = PBXBuildFile; fileRef = 1AEF0E10506936384540ACC7 /* Pods_AddressConverter.framework */; };
/* End PBXBuildFile section */

/* Begin PBXFileReference section */
		13E28EA014D7E2F4F099B706 /* Pods-AddressConverter.debug.xcconfig */ = {isa = PBXFileReference; includeInIndex = 1; lastKnownFileType = text.xcconfig; name = "Pods-AddressConverter.debug.xcconfig"; path = "Target Support Files/Pods-AddressConverter/Pods-AddressConverter.debug.xcconfig"; sourceTree = "<group>"; };
		1AEF0E10506936384540ACC7 /* Pods_AddressConverter.framework */ = {isa = PBXFileReference; explicitFileType = wrapper.framework; includeInIndex = 0; path = Pods_AddressConverter.framework; sourceTree = BUILT_PRODUCTS_DIR; };
		487CEA8C25E538ED00F854A7 /* R.generated.swift */ = {isa = PBXFileReference; fileEncoding = 4; lastKnownFileType = sourcecode.swift; path = R.generated.swift; sourceTree = SOURCE_ROOT; };
		48BA4DDF2585F78D005E6DC6 /* ResultAddressViewController.swift */ = {isa = PBXFileReference; lastKnownFileType = sourcecode.swift; path = ResultAddressViewController.swift; sourceTree = "<group>"; };
		48BA4DE02585F78D005E6DC6 /* ResultAddressViewController.xib */ = {isa = PBXFileReference; lastKnownFileType = file.xib; path = ResultAddressViewController.xib; sourceTree = "<group>"; };
		48BA4DE42585F9B5005E6DC6 /* CustomFloatingPanelLayout.swift */ = {isa = PBXFileReference; lastKnownFileType = sourcecode.swift; path = CustomFloatingPanelLayout.swift; sourceTree = "<group>"; };
		48ED70A82580ECB600611C0A /* AddressConverter.app */ = {isa = PBXFileReference; explicitFileType = wrapper.application; includeInIndex = 0; path = AddressConverter.app; sourceTree = BUILT_PRODUCTS_DIR; };
		48ED70AB2580ECB700611C0A /* AppDelegate.swift */ = {isa = PBXFileReference; lastKnownFileType = sourcecode.swift; path = AppDelegate.swift; sourceTree = "<group>"; };
		48ED70AD2580ECB700611C0A /* SceneDelegate.swift */ = {isa = PBXFileReference; lastKnownFileType = sourcecode.swift; path = SceneDelegate.swift; sourceTree = "<group>"; };
		48ED70AF2580ECB700611C0A /* MapViewController.swift */ = {isa = PBXFileReference; lastKnownFileType = sourcecode.swift; path = MapViewController.swift; sourceTree = "<group>"; };
		48ED70B22580ECB700611C0A /* Base */ = {isa = PBXFileReference; lastKnownFileType = file.storyboard; name = Base; path = Base.lproj/Main.storyboard; sourceTree = "<group>"; };
		48ED70B42580ECB700611C0A /* Assets.xcassets */ = {isa = PBXFileReference; lastKnownFileType = folder.assetcatalog; path = Assets.xcassets; sourceTree = "<group>"; };
		48ED70B72580ECB700611C0A /* Base */ = {isa = PBXFileReference; lastKnownFileType = file.storyboard; name = Base; path = Base.lproj/LaunchScreen.storyboard; sourceTree = "<group>"; };
		48ED70B92580ECB700611C0A /* Info.plist */ = {isa = PBXFileReference; lastKnownFileType = text.plist.xml; path = Info.plist; sourceTree = "<group>"; };
		D68CA0F0000CD3AF6A0D6269 /* Pods-AddressConverter.release.xcconfig */ = {isa = PBXFileReference; includeInIndex = 1; lastKnownFileType = text.xcconfig; name = "Pods-AddressConverter.release.xcconfig"; path = "Target Support Files/Pods-AddressConverter/Pods-AddressConverter.release.xcconfig"; sourceTree = "<group>"; };
/* End PBXFileReference section */

/* Begin PBXFrameworksBuildPhase section */
		48ED70A52580ECB600611C0A /* Frameworks */ = {
			isa = PBXFrameworksBuildPhase;
			buildActionMask = 2147483647;
			files = (
				FF340A3F297D90018F96469B /* Pods_AddressConverter.framework in Frameworks */,
				484579B825E4CD2A00EFB477 /* IQKeyboardManagerSwift in Frameworks */,
			);
			runOnlyForDeploymentPostprocessing = 0;
		};
/* End PBXFrameworksBuildPhase section */

/* Begin PBXGroup section */
		48ED709F2580ECB600611C0A = {
			isa = PBXGroup;
			children = (
				48ED70AA2580ECB600611C0A /* AddressConverter */,
				48ED70A92580ECB600611C0A /* Products */,
				87758067371E8492E18F9714 /* Pods */,
				FA059CCF19BEBCB733D94323 /* Frameworks */,
			);
			sourceTree = "<group>";
		};
		48ED70A92580ECB600611C0A /* Products */ = {
			isa = PBXGroup;
			children = (
				48ED70A82580ECB600611C0A /* AddressConverter.app */,
			);
			name = Products;
			sourceTree = "<group>";
		};
		48ED70AA2580ECB600611C0A /* AddressConverter */ = {
			isa = PBXGroup;
			children = (
				487CEA8C25E538ED00F854A7 /* R.generated.swift */,
				48ED70AB2580ECB700611C0A /* AppDelegate.swift */,
				48ED70AD2580ECB700611C0A /* SceneDelegate.swift */,
				48ED70AF2580ECB700611C0A /* MapViewController.swift */,
				48ED70B12580ECB700611C0A /* Main.storyboard */,
				48BA4DDF2585F78D005E6DC6 /* ResultAddressViewController.swift */,
				48BA4DE02585F78D005E6DC6 /* ResultAddressViewController.xib */,
				48BA4DE42585F9B5005E6DC6 /* CustomFloatingPanelLayout.swift */,
				48ED70B42580ECB700611C0A /* Assets.xcassets */,
				48ED70B62580ECB700611C0A /* LaunchScreen.storyboard */,
				48ED70B92580ECB700611C0A /* Info.plist */,
			);
			path = AddressConverter;
			sourceTree = "<group>";
		};
		87758067371E8492E18F9714 /* Pods */ = {
			isa = PBXGroup;
			children = (
				13E28EA014D7E2F4F099B706 /* Pods-AddressConverter.debug.xcconfig */,
				D68CA0F0000CD3AF6A0D6269 /* Pods-AddressConverter.release.xcconfig */,
			);
			path = Pods;
			sourceTree = "<group>";
		};
		FA059CCF19BEBCB733D94323 /* Frameworks */ = {
			isa = PBXGroup;
			children = (
				1AEF0E10506936384540ACC7 /* Pods_AddressConverter.framework */,
			);
			name = Frameworks;
			sourceTree = "<group>";
		};
/* End PBXGroup section */

/* Begin PBXNativeTarget section */
		48ED70A72580ECB600611C0A /* AddressConverter */ = {
			isa = PBXNativeTarget;
			buildConfigurationList = 48ED70BC2580ECB700611C0A /* Build configuration list for PBXNativeTarget "AddressConverter" */;
			buildPhases = (
				1AE9616D2602ED9C5419F378 /* [CP] Check Pods Manifest.lock */,
				487CEA8325E5383600F854A7 /* ShellScript */,
				48ED70A42580ECB600611C0A /* Sources */,
				48ED70A52580ECB600611C0A /* Frameworks */,
				48ED70A62580ECB600611C0A /* Resources */,
				EFB92DC9C156F6C1971163B8 /* [CP] Embed Pods Frameworks */,
			);
			buildRules = (
			);
			dependencies = (
			);
			name = AddressConverter;
			packageProductDependencies = (
				484579B725E4CD2A00EFB477 /* IQKeyboardManagerSwift */,
			);
			productName = AddressConverter;
			productReference = 48ED70A82580ECB600611C0A /* AddressConverter.app */;
			productType = "com.apple.product-type.application";
		};
/* End PBXNativeTarget section */

/* Begin PBXProject section */
		48ED70A02580ECB600611C0A /* Project object */ = {
			isa = PBXProject;
			attributes = {
				LastSwiftUpdateCheck = 1220;
				LastUpgradeCheck = 1220;
				TargetAttributes = {
					48ED70A72580ECB600611C0A = {
						CreatedOnToolsVersion = 12.2;
						LastSwiftMigration = 1220;
					};
				};
			};
			buildConfigurationList = 48ED70A32580ECB600611C0A /* Build configuration list for PBXProject "AddressConverter" */;
			compatibilityVersion = "Xcode 9.3";
			developmentRegion = en;
			hasScannedForEncodings = 0;
			knownRegions = (
				en,
				Base,
			);
			mainGroup = 48ED709F2580ECB600611C0A;
			packageReferences = (
				484579B625E4CD2A00EFB477 /* XCRemoteSwiftPackageReference "IQKeyboardManager" */,
				484579BA25E52BB600EFB477 /* XCRemoteSwiftPackageReference "R" */,
			);
			productRefGroup = 48ED70A92580ECB600611C0A /* Products */;
			projectDirPath = "";
			projectRoot = "";
			targets = (
				48ED70A72580ECB600611C0A /* AddressConverter */,
			);
		};
/* End PBXProject section */

/* Begin PBXResourcesBuildPhase section */
		48ED70A62580ECB600611C0A /* Resources */ = {
			isa = PBXResourcesBuildPhase;
			buildActionMask = 2147483647;
			files = (
				48ED70B82580ECB700611C0A /* LaunchScreen.storyboard in Resources */,
				48BA4DE22585F78D005E6DC6 /* ResultAddressViewController.xib in Resources */,
				48ED70B52580ECB700611C0A /* Assets.xcassets in Resources */,
				48ED70B32580ECB700611C0A /* Main.storyboard in Resources */,
			);
			runOnlyForDeploymentPostprocessing = 0;
		};
/* End PBXResourcesBuildPhase section */

/* Begin PBXShellScriptBuildPhase section */
		1AE9616D2602ED9C5419F378 /* [CP] Check Pods Manifest.lock */ = {
			isa = PBXShellScriptBuildPhase;
			buildActionMask = 2147483647;
			files = (
			);
			inputFileListPaths = (
			);
			inputPaths = (
				"${PODS_PODFILE_DIR_PATH}/Podfile.lock",
				"${PODS_ROOT}/Manifest.lock",
			);
			name = "[CP] Check Pods Manifest.lock";
			outputFileListPaths = (
			);
			outputPaths = (
				"$(DERIVED_FILE_DIR)/Pods-AddressConverter-checkManifestLockResult.txt",
			);
			runOnlyForDeploymentPostprocessing = 0;
			shellPath = /bin/sh;
			shellScript = "diff \"${PODS_PODFILE_DIR_PATH}/Podfile.lock\" \"${PODS_ROOT}/Manifest.lock\" > /dev/null\nif [ $? != 0 ] ; then\n    # print error to STDERR\n    echo \"error: The sandbox is not in sync with the Podfile.lock. Run 'pod install' or update your CocoaPods installation.\" >&2\n    exit 1\nfi\n# This output is used by Xcode 'outputs' to avoid re-running this script phase.\necho \"SUCCESS\" > \"${SCRIPT_OUTPUT_FILE_0}\"\n";
			showEnvVarsInLog = 0;
		};
		487CEA8325E5383600F854A7 /* ShellScript */ = {
			isa = PBXShellScriptBuildPhase;
			buildActionMask = 2147483647;
			files = (
			);
			inputFileListPaths = (
			);
			inputPaths = (
				"$TEMP_DIR/rswift-lastrun",
			);
			outputFileListPaths = (
			);
			outputPaths = (
				$SRCROOT/R.generated.swift,
			);
			runOnlyForDeploymentPostprocessing = 0;
			shellPath = /bin/sh;
			shellScript = "# Type a script or drag a script file from your workspace to insert its path.\n\"$PODS_ROOT/R.swift/rswift\" generate \"$SRCROOT/R.generated.swift\"\n";
		};
		EFB92DC9C156F6C1971163B8 /* [CP] Embed Pods Frameworks */ = {
			isa = PBXShellScriptBuildPhase;
			buildActionMask = 2147483647;
			files = (
			);
			inputFileListPaths = (
				"${PODS_ROOT}/Target Support Files/Pods-AddressConverter/Pods-AddressConverter-frameworks-${CONFIGURATION}-input-files.xcfilelist",
			);
			name = "[CP] Embed Pods Frameworks";
			outputFileListPaths = (
				"${PODS_ROOT}/Target Support Files/Pods-AddressConverter/Pods-AddressConverter-frameworks-${CONFIGURATION}-output-files.xcfilelist",
			);
			runOnlyForDeploymentPostprocessing = 0;
			shellPath = /bin/sh;
			shellScript = "\"${PODS_ROOT}/Target Support Files/Pods-AddressConverter/Pods-AddressConverter-frameworks.sh\"\n";
			showEnvVarsInLog = 0;
		};
/* End PBXShellScriptBuildPhase section */

/* Begin PBXSourcesBuildPhase section */
		48ED70A42580ECB600611C0A /* Sources */ = {
			isa = PBXSourcesBuildPhase;
			buildActionMask = 2147483647;
			files = (
				48BA4DE12585F78D005E6DC6 /* ResultAddressViewController.swift in Sources */,
				48BA4DE52585F9B5005E6DC6 /* CustomFloatingPanelLayout.swift in Sources */,
				48ED70B02580ECB700611C0A /* MapViewController.swift in Sources */,
				48ED70AC2580ECB700611C0A /* AppDelegate.swift in Sources */,
				48ED70AE2580ECB700611C0A /* SceneDelegate.swift in Sources */,
				487CEA8D25E538ED00F854A7 /* R.generated.swift in Sources */,
			);
			runOnlyForDeploymentPostprocessing = 0;
		};
/* End PBXSourcesBuildPhase section */

/* Begin PBXVariantGroup section */
		48ED70B12580ECB700611C0A /* Main.storyboard */ = {
			isa = PBXVariantGroup;
			children = (
				48ED70B22580ECB700611C0A /* Base */,
			);
			name = Main.storyboard;
			sourceTree = "<group>";
		};
		48ED70B62580ECB700611C0A /* LaunchScreen.storyboard */ = {
			isa = PBXVariantGroup;
			children = (
				48ED70B72580ECB700611C0A /* Base */,
			);
			name = LaunchScreen.storyboard;
			sourceTree = "<group>";
		};
/* End PBXVariantGroup section */

/* Begin XCBuildConfiguration section */
		48ED70BA2580ECB700611C0A /* Debug */ = {
			isa = XCBuildConfiguration;
			buildSettings = {
				ALWAYS_SEARCH_USER_PATHS = NO;
				CLANG_ANALYZER_NONNULL = YES;
				CLANG_ANALYZER_NUMBER_OBJECT_CONVERSION = YES_AGGRESSIVE;
				CLANG_CXX_LANGUAGE_STANDARD = "gnu++14";
				CLANG_CXX_LIBRARY = "libc++";
				CLANG_ENABLE_MODULES = YES;
				CLANG_ENABLE_OBJC_ARC = YES;
				CLANG_ENABLE_OBJC_WEAK = YES;
				CLANG_WARN_BLOCK_CAPTURE_AUTORELEASING = YES;
				CLANG_WARN_BOOL_CONVERSION = YES;
				CLANG_WARN_COMMA = YES;
				CLANG_WARN_CONSTANT_CONVERSION = YES;
				CLANG_WARN_DEPRECATED_OBJC_IMPLEMENTATIONS = YES;
				CLANG_WARN_DIRECT_OBJC_ISA_USAGE = YES_ERROR;
				CLANG_WARN_DOCUMENTATION_COMMENTS = YES;
				CLANG_WARN_EMPTY_BODY = YES;
				CLANG_WARN_ENUM_CONVERSION = YES;
				CLANG_WARN_INFINITE_RECURSION = YES;
				CLANG_WARN_INT_CONVERSION = YES;
				CLANG_WARN_NON_LITERAL_NULL_CONVERSION = YES;
				CLANG_WARN_OBJC_IMPLICIT_RETAIN_SELF = YES;
				CLANG_WARN_OBJC_LITERAL_CONVERSION = YES;
				CLANG_WARN_OBJC_ROOT_CLASS = YES_ERROR;
				CLANG_WARN_QUOTED_INCLUDE_IN_FRAMEWORK_HEADER = YES;
				CLANG_WARN_RANGE_LOOP_ANALYSIS = YES;
				CLANG_WARN_STRICT_PROTOTYPES = YES;
				CLANG_WARN_SUSPICIOUS_MOVE = YES;
				CLANG_WARN_UNGUARDED_AVAILABILITY = YES_AGGRESSIVE;
				CLANG_WARN_UNREACHABLE_CODE = YES;
				CLANG_WARN__DUPLICATE_METHOD_MATCH = YES;
				COPY_PHASE_STRIP = NO;
				DEBUG_INFORMATION_FORMAT = dwarf;
				ENABLE_STRICT_OBJC_MSGSEND = YES;
				ENABLE_TESTABILITY = YES;
				GCC_C_LANGUAGE_STANDARD = gnu11;
				GCC_DYNAMIC_NO_PIC = NO;
				GCC_NO_COMMON_BLOCKS = YES;
				GCC_OPTIMIZATION_LEVEL = 0;
				GCC_PREPROCESSOR_DEFINITIONS = (
					"DEBUG=1",
					"$(inherited)",
				);
				GCC_WARN_64_TO_32_BIT_CONVERSION = YES;
				GCC_WARN_ABOUT_RETURN_TYPE = YES_ERROR;
				GCC_WARN_UNDECLARED_SELECTOR = YES;
				GCC_WARN_UNINITIALIZED_AUTOS = YES_AGGRESSIVE;
				GCC_WARN_UNUSED_FUNCTION = YES;
				GCC_WARN_UNUSED_VARIABLE = YES;
				IPHONEOS_DEPLOYMENT_TARGET = 13.0;
				MTL_ENABLE_DEBUG_INFO = INCLUDE_SOURCE;
				MTL_FAST_MATH = YES;
				ONLY_ACTIVE_ARCH = YES;
				SDKROOT = iphoneos;
				SWIFT_ACTIVE_COMPILATION_CONDITIONS = DEBUG;
				SWIFT_OPTIMIZATION_LEVEL = "-Onone";
			};
			name = Debug;
		};
		48ED70BB2580ECB700611C0A /* Release */ = {
			isa = XCBuildConfiguration;
			buildSettings = {
				ALWAYS_SEARCH_USER_PATHS = NO;
				CLANG_ANALYZER_NONNULL = YES;
				CLANG_ANALYZER_NUMBER_OBJECT_CONVERSION = YES_AGGRESSIVE;
				CLANG_CXX_LANGUAGE_STANDARD = "gnu++14";
				CLANG_CXX_LIBRARY = "libc++";
				CLANG_ENABLE_MODULES = YES;
				CLANG_ENABLE_OBJC_ARC = YES;
				CLANG_ENABLE_OBJC_WEAK = YES;
				CLANG_WARN_BLOCK_CAPTURE_AUTORELEASING = YES;
				CLANG_WARN_BOOL_CONVERSION = YES;
				CLANG_WARN_COMMA = YES;
				CLANG_WARN_CONSTANT_CONVERSION = YES;
				CLANG_WARN_DEPRECATED_OBJC_IMPLEMENTATIONS = YES;
				CLANG_WARN_DIRECT_OBJC_ISA_USAGE = YES_ERROR;
				CLANG_WARN_DOCUMENTATION_COMMENTS = YES;
				CLANG_WARN_EMPTY_BODY = YES;
				CLANG_WARN_ENUM_CONVERSION = YES;
				CLANG_WARN_INFINITE_RECURSION = YES;
				CLANG_WARN_INT_CONVERSION = YES;
				CLANG_WARN_NON_LITERAL_NULL_CONVERSION = YES;
				CLANG_WARN_OBJC_IMPLICIT_RETAIN_SELF = YES;
				CLANG_WARN_OBJC_LITERAL_CONVERSION = YES;
				CLANG_WARN_OBJC_ROOT_CLASS = YES_ERROR;
				CLANG_WARN_QUOTED_INCLUDE_IN_FRAMEWORK_HEADER = YES;
				CLANG_WARN_RANGE_LOOP_ANALYSIS = YES;
				CLANG_WARN_STRICT_PROTOTYPES = YES;
				CLANG_WARN_SUSPICIOUS_MOVE = YES;
				CLANG_WARN_UNGUARDED_AVAILABILITY = YES_AGGRESSIVE;
				CLANG_WARN_UNREACHABLE_CODE = YES;
				CLANG_WARN__DUPLICATE_METHOD_MATCH = YES;
				COPY_PHASE_STRIP = NO;
				DEBUG_INFORMATION_FORMAT = "dwarf-with-dsym";
				ENABLE_NS_ASSERTIONS = NO;
				ENABLE_STRICT_OBJC_MSGSEND = YES;
				GCC_C_LANGUAGE_STANDARD = gnu11;
				GCC_NO_COMMON_BLOCKS = YES;
				GCC_WARN_64_TO_32_BIT_CONVERSION = YES;
				GCC_WARN_ABOUT_RETURN_TYPE = YES_ERROR;
				GCC_WARN_UNDECLARED_SELECTOR = YES;
				GCC_WARN_UNINITIALIZED_AUTOS = YES_AGGRESSIVE;
				GCC_WARN_UNUSED_FUNCTION = YES;
				GCC_WARN_UNUSED_VARIABLE = YES;
				IPHONEOS_DEPLOYMENT_TARGET = 13.0;
				MTL_ENABLE_DEBUG_INFO = NO;
				MTL_FAST_MATH = YES;
				SDKROOT = iphoneos;
				SWIFT_COMPILATION_MODE = wholemodule;
				SWIFT_OPTIMIZATION_LEVEL = "-O";
				VALIDATE_PRODUCT = YES;
			};
			name = Release;
		};
		48ED70BD2580ECB700611C0A /* Debug */ = {
			isa = XCBuildConfiguration;
			baseConfigurationReference = 13E28EA014D7E2F4F099B706 /* Pods-AddressConverter.debug.xcconfig */;
			buildSettings = {
				ASSETCATALOG_COMPILER_APPICON_NAME = AppIcon;
				ASSETCATALOG_COMPILER_GLOBAL_ACCENT_COLOR_NAME = AccentColor;
				CLANG_ENABLE_MODULES = YES;
				CODE_SIGN_IDENTITY = "Apple Development";
				CODE_SIGN_STYLE = Automatic;
				CURRENT_PROJECT_VERSION = 2;
				DEVELOPMENT_TEAM = 5RY865YBCC;
				INFOPLIST_FILE = AddressConverter/Info.plist;
				LD_RUNPATH_SEARCH_PATHS = (
					"$(inherited)",
					"@executable_path/Frameworks",
				);
				MARKETING_VERSION = 1.0;
				PRODUCT_BUNDLE_IDENTIFIER = com.gmail.beats.jomni.AddressConverter;
				PRODUCT_NAME = "$(TARGET_NAME)";
				PROVISIONING_PROFILE_SPECIFIER = "";
				SWIFT_OPTIMIZATION_LEVEL = "-Onone";
				SWIFT_VERSION = 5.0;
				TARGETED_DEVICE_FAMILY = "1,2";
			};
			name = Debug;
		};
		48ED70BE2580ECB700611C0A /* Release */ = {
			isa = XCBuildConfiguration;
			baseConfigurationReference = D68CA0F0000CD3AF6A0D6269 /* Pods-AddressConverter.release.xcconfig */;
			buildSettings = {
				ASSETCATALOG_COMPILER_APPICON_NAME = AppIcon;
				ASSETCATALOG_COMPILER_GLOBAL_ACCENT_COLOR_NAME = AccentColor;
				CLANG_ENABLE_MODULES = YES;
				CODE_SIGN_IDENTITY = "Apple Development";
				CODE_SIGN_STYLE = Automatic;
				CURRENT_PROJECT_VERSION = 2;
				DEVELOPMENT_TEAM = 5RY865YBCC;
				INFOPLIST_FILE = AddressConverter/Info.plist;
				LD_RUNPATH_SEARCH_PATHS = (
					"$(inherited)",
					"@executable_path/Frameworks",
				);
				MARKETING_VERSION = 1.0;
				PRODUCT_BUNDLE_IDENTIFIER = com.gmail.beats.jomni.AddressConverter;
				PRODUCT_NAME = "$(TARGET_NAME)";
				PROVISIONING_PROFILE_SPECIFIER = "";
				SWIFT_VERSION = 5.0;
				TARGETED_DEVICE_FAMILY = "1,2";
			};
			name = Release;
		};
/* End XCBuildConfiguration section */

/* Begin XCConfigurationList section */
		48ED70A32580ECB600611C0A /* Build configuration list for PBXProject "AddressConverter" */ = {
			isa = XCConfigurationList;
			buildConfigurations = (
				48ED70BA2580ECB700611C0A /* Debug */,
				48ED70BB2580ECB700611C0A /* Release */,
			);
			defaultConfigurationIsVisible = 0;
			defaultConfigurationName = Release;
		};
		48ED70BC2580ECB700611C0A /* Build configuration list for PBXNativeTarget "AddressConverter" */ = {
			isa = XCConfigurationList;
			buildConfigurations = (
				48ED70BD2580ECB700611C0A /* Debug */,
				48ED70BE2580ECB700611C0A /* Release */,
			);
			defaultConfigurationIsVisible = 0;
			defaultConfigurationName = Release;
		};
/* End XCConfigurationList section */

/* Begin XCRemoteSwiftPackageReference section */
		484579B625E4CD2A00EFB477 /* XCRemoteSwiftPackageReference "IQKeyboardManager" */ = {
			isa = XCRemoteSwiftPackageReference;
			repositoryURL = "https://github.com/hackiftekhar/IQKeyboardManager";
			requirement = {
				kind = upToNextMajorVersion;
				minimumVersion = 6.5.6;
			};
		};
		484579BA25E52BB600EFB477 /* XCRemoteSwiftPackageReference "R" */ = {
			isa = XCRemoteSwiftPackageReference;
			repositoryURL = "https://github.com/mac-cain13/R.swift";
			requirement = {
				kind = upToNextMajorVersion;
				minimumVersion = 5.3.1;
			};
		};
/* End XCRemoteSwiftPackageReference section */

/* Begin XCSwiftPackageProductDependency section */
		484579B725E4CD2A00EFB477 /* IQKeyboardManagerSwift */ = {
			isa = XCSwiftPackageProductDependency;
			package = 484579B625E4CD2A00EFB477 /* XCRemoteSwiftPackageReference "IQKeyboardManager" */;
			productName = IQKeyboardManagerSwift;
		};
/* End XCSwiftPackageProductDependency section */
	};
	rootObject = 48ED70A02580ECB600611C0A /* Project object */;
}
